// !$*UTF8*$!
{
	archiveVersion = 1;
	classes = {
	};
	objectVersion = 56;
	objects = {

/* Begin PBXBuildFile section */
		110D0F272BE3DEE30069A344 /* PublishFramework.docc in Sources */ = {isa = PBXBuildFile; fileRef = 110D0F262BE3DEE30069A344 /* PublishFramework.docc */; };
		110D0F332BE3DEE30069A344 /* PublishFramework.h in Headers */ = {isa = PBXBuildFile; fileRef = 110D0F252BE3DEE30069A344 /* PublishFramework.h */; settings = {ATTRIBUTES = (Public, ); }; };
		110D0F3D2BE3DF2E0069A344 /* PublishFramework.m in Sources */ = {isa = PBXBuildFile; fileRef = 110D0F3C2BE3DF2E0069A344 /* PublishFramework.m */; };
		115E0FA82BF63AA700AF524C /* OvdWrapper.swift in Sources */ = {isa = PBXBuildFile; fileRef = 115E0F9F2BF63AA700AF524C /* OvdWrapper.swift */; };
		115E0FAA2BF63AA700AF524C /* nfc_reader.m in Sources */ = {isa = PBXBuildFile; fileRef = 115E0FA12BF63AA700AF524C /* nfc_reader.m */; };
		115E0FAB2BF63AA700AF524C /* nfc_config.mm in Sources */ = {isa = PBXBuildFile; fileRef = 115E0FA22BF63AA700AF524C /* nfc_config.mm */; };
		115E0FAC2BF63AA700AF524C /* NfcReader.m in Sources */ = {isa = PBXBuildFile; fileRef = 115E0FA32BF63AA700AF524C /* NfcReader.m */; };
		115E0FC12BF63AFE00AF524C /* configuration.cpp in Sources */ = {isa = PBXBuildFile; fileRef = 115E0FB32BF63AFE00AF524C /* configuration.cpp */; };
		115E0FC22BF63AFE00AF524C /* LicenseChecker.cpp in Sources */ = {isa = PBXBuildFile; fileRef = 115E0FB42BF63AFE00AF524C /* LicenseChecker.cpp */; };
		115E0FC52BF63AFE00AF524C /* ConfigurationParserXml.cpp in Sources */ = {isa = PBXBuildFile; fileRef = 115E0FB72BF63AFE00AF524C /* ConfigurationParserXml.cpp */; };
/* End PBXBuildFile section */

/* Begin PBXContainerItemProxy section */
		1139DC5B2BEA6F66006ED4A9 /* PBXContainerItemProxy */ = {
			isa = PBXContainerItemProxy;
			containerPortal = 110D0F192BE3DEE30069A344 /* Project object */;
			proxyType = 1;
			remoteGlobalIDString = 1139DC2C2BEA6ED5006ED4A9;
			remoteInfo = configuration;
		};
		1139DC5D2BEA6F6A006ED4A9 /* PBXContainerItemProxy */ = {
			isa = PBXContainerItemProxy;
			containerPortal = 110D0F192BE3DEE30069A344 /* Project object */;
			proxyType = 1;
			remoteGlobalIDString = 1139DC482BEA6F16006ED4A9;
			remoteInfo = nfc_reader;
		};
/* End PBXContainerItemProxy section */

/* Begin PBXCopyFilesBuildPhase section */
		1139DC2B2BEA6ED5006ED4A9 /* CopyFiles */ = {
			isa = PBXCopyFilesBuildPhase;
			buildActionMask = 2147483647;
			dstPath = "include/$(PRODUCT_NAME)";
			dstSubfolderSpec = 16;
			files = (
			);
			runOnlyForDeploymentPostprocessing = 0;
		};
		1139DC472BEA6F16006ED4A9 /* CopyFiles */ = {
			isa = PBXCopyFilesBuildPhase;
			buildActionMask = 2147483647;
			dstPath = "include/$(PRODUCT_NAME)";
			dstSubfolderSpec = 16;
			files = (
			);
			runOnlyForDeploymentPostprocessing = 0;
		};
/* End PBXCopyFilesBuildPhase section */

/* Begin PBXFileReference section */
		110D0F222BE3DEE30069A344 /* PublishFramework.framework */ = {isa = PBXFileReference; explicitFileType = wrapper.framework; includeInIndex = 0; path = PublishFramework.framework; sourceTree = BUILT_PRODUCTS_DIR; };
		110D0F252BE3DEE30069A344 /* PublishFramework.h */ = {isa = PBXFileReference; lastKnownFileType = sourcecode.c.h; path = PublishFramework.h; sourceTree = "<group>"; };
		110D0F262BE3DEE30069A344 /* PublishFramework.docc */ = {isa = PBXFileReference; lastKnownFileType = folder.documentationcatalog; path = PublishFramework.docc; sourceTree = "<group>"; };
		110D0F3C2BE3DF2E0069A344 /* PublishFramework.m */ = {isa = PBXFileReference; lastKnownFileType = sourcecode.c.objc; path = PublishFramework.m; sourceTree = "<group>"; };
		1139DC2D2BEA6ED5006ED4A9 /* libconfiguration.a */ = {isa = PBXFileReference; explicitFileType = archive.ar; includeInIndex = 0; path = libconfiguration.a; sourceTree = BUILT_PRODUCTS_DIR; };
		1139DC492BEA6F16006ED4A9 /* libnfc_reader.a */ = {isa = PBXFileReference; explicitFileType = archive.ar; includeInIndex = 0; path = libnfc_reader.a; sourceTree = BUILT_PRODUCTS_DIR; };
		1139DC642BEA712A006ED4A9 /* KTAKinegramEmrtdConnector.framework */ = {isa = PBXFileReference; lastKnownFileType = wrapper.framework; path = KTAKinegramEmrtdConnector.framework; sourceTree = "<group>"; };
		115E0F9F2BF63AA700AF524C /* OvdWrapper.swift */ = {isa = PBXFileReference; lastKnownFileType = sourcecode.swift; name = OvdWrapper.swift; path = PublishFramework/nfc_reader/OvdWrapper.swift; sourceTree = "<group>"; };
		115E0FA12BF63AA700AF524C /* nfc_reader.m */ = {isa = PBXFileReference; lastKnownFileType = sourcecode.c.objc; name = nfc_reader.m; path = PublishFramework/nfc_reader/nfc_reader.m; sourceTree = "<group>"; };
		115E0FA22BF63AA700AF524C /* nfc_config.mm */ = {isa = PBXFileReference; lastKnownFileType = sourcecode.cpp.objcpp; name = nfc_config.mm; path = PublishFramework/nfc_reader/nfc_config.mm; sourceTree = "<group>"; };
		115E0FA32BF63AA700AF524C /* NfcReader.m */ = {isa = PBXFileReference; lastKnownFileType = sourcecode.c.objc; name = NfcReader.m; path = PublishFramework/nfc_reader/NfcReader.m; sourceTree = "<group>"; };
		115E0FA42BF63AA700AF524C /* nfc_reader.h */ = {isa = PBXFileReference; lastKnownFileType = sourcecode.c.h; name = nfc_reader.h; path = PublishFramework/nfc_reader/nfc_reader.h; sourceTree = "<group>"; };
		115E0FA52BF63AA700AF524C /* nfc_config.h */ = {isa = PBXFileReference; lastKnownFileType = sourcecode.c.h; name = nfc_config.h; path = PublishFramework/nfc_reader/nfc_config.h; sourceTree = "<group>"; };
		115E0FA62BF63AA700AF524C /* NfcReader.h */ = {isa = PBXFileReference; lastKnownFileType = sourcecode.c.h; name = NfcReader.h; path = PublishFramework/nfc_reader/NfcReader.h; sourceTree = "<group>"; };
		115E0FA72BF63AA700AF524C /* nfc_reader-Bridging-Header.h */ = {isa = PBXFileReference; lastKnownFileType = sourcecode.c.h; name = "nfc_reader-Bridging-Header.h"; path = "PublishFramework/nfc_reader/nfc_reader-Bridging-Header.h"; sourceTree = "<group>"; };
		115E0FB12BF63AFE00AF524C /* LicensePrivateKey.h.header */ = {isa = PBXFileReference; lastKnownFileType = text; name = LicensePrivateKey.h.header; path = PublishFramework/configuration/LicensePrivateKey.h.header; sourceTree = "<group>"; };
		115E0FB22BF63AFE00AF524C /* LicensePublicKey.h */ = {isa = PBXFileReference; lastKnownFileType = sourcecode.c.h; name = LicensePublicKey.h; path = PublishFramework/configuration/LicensePublicKey.h; sourceTree = "<group>"; };
		115E0FB32BF63AFE00AF524C /* configuration.cpp */ = {isa = PBXFileReference; lastKnownFileType = sourcecode.cpp.cpp; name = configuration.cpp; path = PublishFramework/configuration/configuration.cpp; sourceTree = "<group>"; };
		115E0FB42BF63AFE00AF524C /* LicenseChecker.cpp */ = {isa = PBXFileReference; lastKnownFileType = sourcecode.cpp.cpp; name = LicenseChecker.cpp; path = PublishFramework/configuration/LicenseChecker.cpp; sourceTree = "<group>"; };
		115E0FB52BF63AFE00AF524C /* configuration.h */ = {isa = PBXFileReference; lastKnownFileType = sourcecode.c.h; name = configuration.h; path = PublishFramework/configuration/configuration.h; sourceTree = "<group>"; };
		115E0FB62BF63AFE00AF524C /* LicensePrivateKey.h.footer */ = {isa = PBXFileReference; lastKnownFileType = text; name = LicensePrivateKey.h.footer; path = PublishFramework/configuration/LicensePrivateKey.h.footer; sourceTree = "<group>"; };
		115E0FB72BF63AFE00AF524C /* ConfigurationParserXml.cpp */ = {isa = PBXFileReference; lastKnownFileType = sourcecode.cpp.cpp; name = ConfigurationParserXml.cpp; path = PublishFramework/configuration/ConfigurationParserXml.cpp; sourceTree = "<group>"; };
		115E0FB82BF63AFE00AF524C /* LicensePublicKey.h.footer */ = {isa = PBXFileReference; lastKnownFileType = text; name = LicensePublicKey.h.footer; path = PublishFramework/configuration/LicensePublicKey.h.footer; sourceTree = "<group>"; };
		115E0FB92BF63AFE00AF524C /* LicenseChecker.h */ = {isa = PBXFileReference; lastKnownFileType = sourcecode.c.h; name = LicenseChecker.h; path = PublishFramework/configuration/LicenseChecker.h; sourceTree = "<group>"; };
		115E0FBA2BF63AFE00AF524C /* LicensePublicKey.h.header */ = {isa = PBXFileReference; lastKnownFileType = text; name = LicensePublicKey.h.header; path = PublishFramework/configuration/LicensePublicKey.h.header; sourceTree = "<group>"; };
		115E0FBB2BF63AFE00AF524C /* Setting.h */ = {isa = PBXFileReference; lastKnownFileType = sourcecode.c.h; name = Setting.h; path = PublishFramework/configuration/Setting.h; sourceTree = "<group>"; };
		115E0FBC2BF63AFE00AF524C /* ConfigurationParserXml.h */ = {isa = PBXFileReference; lastKnownFileType = sourcecode.c.h; name = ConfigurationParserXml.h; path = PublishFramework/configuration/ConfigurationParserXml.h; sourceTree = "<group>"; };
		115E0FBD2BF63AFE00AF524C /* LicensePrivateKey.h */ = {isa = PBXFileReference; lastKnownFileType = sourcecode.c.h; name = LicensePrivateKey.h; path = PublishFramework/configuration/LicensePrivateKey.h; sourceTree = "<group>"; };
		115E0FBE2BF63AFE00AF524C /* ConfigurationParser.h */ = {isa = PBXFileReference; lastKnownFileType = sourcecode.c.h; name = ConfigurationParser.h; path = PublishFramework/configuration/ConfigurationParser.h; sourceTree = "<group>"; };
/* End PBXFileReference section */

/* Begin PBXFrameworksBuildPhase section */
		110D0F1F2BE3DEE30069A344 /* Frameworks */ = {
			isa = PBXFrameworksBuildPhase;
			buildActionMask = 2147483647;
			files = (
			);
			runOnlyForDeploymentPostprocessing = 0;
		};
		1139DC2A2BEA6ED5006ED4A9 /* Frameworks */ = {
			isa = PBXFrameworksBuildPhase;
			buildActionMask = 2147483647;
			files = (
			);
			runOnlyForDeploymentPostprocessing = 0;
		};
		1139DC462BEA6F16006ED4A9 /* Frameworks */ = {
			isa = PBXFrameworksBuildPhase;
			buildActionMask = 2147483647;
			files = (
			);
			runOnlyForDeploymentPostprocessing = 0;
		};
/* End PBXFrameworksBuildPhase section */

/* Begin PBXGroup section */
		110D0F182BE3DEE30069A344 = {
			isa = PBXGroup;
			children = (
				115E0FB32BF63AFE00AF524C /* configuration.cpp */,
				115E0FB52BF63AFE00AF524C /* configuration.h */,
				115E0FBE2BF63AFE00AF524C /* ConfigurationParser.h */,
				115E0FB72BF63AFE00AF524C /* ConfigurationParserXml.cpp */,
				115E0FBC2BF63AFE00AF524C /* ConfigurationParserXml.h */,
				115E0FB42BF63AFE00AF524C /* LicenseChecker.cpp */,
				115E0FB92BF63AFE00AF524C /* LicenseChecker.h */,
				115E0FBD2BF63AFE00AF524C /* LicensePrivateKey.h */,
				115E0FB62BF63AFE00AF524C /* LicensePrivateKey.h.footer */,
				115E0FB12BF63AFE00AF524C /* LicensePrivateKey.h.header */,
				115E0FB22BF63AFE00AF524C /* LicensePublicKey.h */,
				115E0FB82BF63AFE00AF524C /* LicensePublicKey.h.footer */,
				115E0FBA2BF63AFE00AF524C /* LicensePublicKey.h.header */,
				115E0FBB2BF63AFE00AF524C /* Setting.h */,
				115E0FA52BF63AA700AF524C /* nfc_config.h */,
				115E0FA22BF63AA700AF524C /* nfc_config.mm */,
				115E0FA72BF63AA700AF524C /* nfc_reader-Bridging-Header.h */,
				115E0FA42BF63AA700AF524C /* nfc_reader.h */,
				115E0FA12BF63AA700AF524C /* nfc_reader.m */,
				115E0FA62BF63AA700AF524C /* NfcReader.h */,
				115E0FA32BF63AA700AF524C /* NfcReader.m */,
				115E0F9F2BF63AA700AF524C /* OvdWrapper.swift */,
				110D0F242BE3DEE30069A344 /* PublishFramework */,
				110D0F232BE3DEE30069A344 /* Products */,
				1139DC5F2BEA703A006ED4A9 /* Frameworks */,
			);
			sourceTree = "<group>";
		};
		110D0F232BE3DEE30069A344 /* Products */ = {
			isa = PBXGroup;
			children = (
				110D0F222BE3DEE30069A344 /* PublishFramework.framework */,
				1139DC2D2BEA6ED5006ED4A9 /* libconfiguration.a */,
				1139DC492BEA6F16006ED4A9 /* libnfc_reader.a */,
			);
			name = Products;
			sourceTree = "<group>";
		};
		110D0F242BE3DEE30069A344 /* PublishFramework */ = {
			isa = PBXGroup;
			children = (
				110D0F252BE3DEE30069A344 /* PublishFramework.h */,
				110D0F3C2BE3DF2E0069A344 /* PublishFramework.m */,
				110D0F262BE3DEE30069A344 /* PublishFramework.docc */,
			);
			path = PublishFramework;
			sourceTree = "<group>";
		};
		1139DC5F2BEA703A006ED4A9 /* Frameworks */ = {
			isa = PBXGroup;
			children = (
				1139DC642BEA712A006ED4A9 /* KTAKinegramEmrtdConnector.framework */,
			);
			name = Frameworks;
			sourceTree = "<group>";
		};
/* End PBXGroup section */

/* Begin PBXHeadersBuildPhase section */
		110D0F1D2BE3DEE30069A344 /* Headers */ = {
			isa = PBXHeadersBuildPhase;
			buildActionMask = 2147483647;
			files = (
				110D0F332BE3DEE30069A344 /* PublishFramework.h in Headers */,
			);
			runOnlyForDeploymentPostprocessing = 0;
		};
/* End PBXHeadersBuildPhase section */

/* Begin PBXNativeTarget section */
		110D0F212BE3DEE30069A344 /* PublishFramework */ = {
			isa = PBXNativeTarget;
			buildConfigurationList = 110D0F362BE3DEE30069A344 /* Build configuration list for PBXNativeTarget "PublishFramework" */;
			buildPhases = (
				110D0F1D2BE3DEE30069A344 /* Headers */,
				110D0F1E2BE3DEE30069A344 /* Sources */,
				110D0F1F2BE3DEE30069A344 /* Frameworks */,
				110D0F202BE3DEE30069A344 /* Resources */,
			);
			buildRules = (
			);
			dependencies = (
				1139DC5E2BEA6F6A006ED4A9 /* PBXTargetDependency */,
				1139DC5C2BEA6F66006ED4A9 /* PBXTargetDependency */,
			);
			name = PublishFramework;
			productName = PublishFramework;
			productReference = 110D0F222BE3DEE30069A344 /* PublishFramework.framework */;
			productType = "com.apple.product-type.framework";
		};
		1139DC2C2BEA6ED5006ED4A9 /* configuration */ = {
			isa = PBXNativeTarget;
			buildConfigurationList = 1139DC332BEA6ED6006ED4A9 /* Build configuration list for PBXNativeTarget "configuration" */;
			buildPhases = (
				1139DC292BEA6ED5006ED4A9 /* Sources */,
				1139DC2A2BEA6ED5006ED4A9 /* Frameworks */,
				1139DC2B2BEA6ED5006ED4A9 /* CopyFiles */,
			);
			buildRules = (
			);
			dependencies = (
			);
			name = configuration;
			productName = configuration;
			productReference = 1139DC2D2BEA6ED5006ED4A9 /* libconfiguration.a */;
			productType = "com.apple.product-type.library.static";
		};
		1139DC482BEA6F16006ED4A9 /* nfc_reader */ = {
			isa = PBXNativeTarget;
			buildConfigurationList = 1139DC4F2BEA6F16006ED4A9 /* Build configuration list for PBXNativeTarget "nfc_reader" */;
			buildPhases = (
				1139DC452BEA6F16006ED4A9 /* Sources */,
				1139DC462BEA6F16006ED4A9 /* Frameworks */,
				1139DC472BEA6F16006ED4A9 /* CopyFiles */,
			);
			buildRules = (
			);
			dependencies = (
			);
			name = nfc_reader;
			productName = nfc_reader;
			productReference = 1139DC492BEA6F16006ED4A9 /* libnfc_reader.a */;
			productType = "com.apple.product-type.library.static";
		};
/* End PBXNativeTarget section */

/* Begin PBXProject section */
		110D0F192BE3DEE30069A344 /* Project object */ = {
			isa = PBXProject;
			attributes = {
				BuildIndependentTargetsInParallel = 1;
				LastUpgradeCheck = 1500;
				TargetAttributes = {
					110D0F212BE3DEE30069A344 = {
						CreatedOnToolsVersion = 15.0;
					};
					1139DC2C2BEA6ED5006ED4A9 = {
						CreatedOnToolsVersion = 15.0;
					};
					1139DC482BEA6F16006ED4A9 = {
						CreatedOnToolsVersion = 15.0;
					};
				};
			};
			buildConfigurationList = 110D0F1C2BE3DEE30069A344 /* Build configuration list for PBXProject "PublishFramework" */;
			compatibilityVersion = "Xcode 14.0";
			developmentRegion = en;
			hasScannedForEncodings = 0;
			knownRegions = (
				en,
				Base,
			);
			mainGroup = 110D0F182BE3DEE30069A344;
			productRefGroup = 110D0F232BE3DEE30069A344 /* Products */;
			projectDirPath = "";
			projectRoot = "";
			targets = (
				110D0F212BE3DEE30069A344 /* PublishFramework */,
				1139DC2C2BEA6ED5006ED4A9 /* configuration */,
				1139DC482BEA6F16006ED4A9 /* nfc_reader */,
			);
		};
/* End PBXProject section */

/* Begin PBXResourcesBuildPhase section */
		110D0F202BE3DEE30069A344 /* Resources */ = {
			isa = PBXResourcesBuildPhase;
			buildActionMask = 2147483647;
			files = (
			);
			runOnlyForDeploymentPostprocessing = 0;
		};
/* End PBXResourcesBuildPhase section */

/* Begin PBXSourcesBuildPhase section */
		110D0F1E2BE3DEE30069A344 /* Sources */ = {
			isa = PBXSourcesBuildPhase;
			buildActionMask = 2147483647;
			files = (
				110D0F3D2BE3DF2E0069A344 /* PublishFramework.m in Sources */,
				110D0F272BE3DEE30069A344 /* PublishFramework.docc in Sources */,
			);
			runOnlyForDeploymentPostprocessing = 0;
		};
		1139DC292BEA6ED5006ED4A9 /* Sources */ = {
			isa = PBXSourcesBuildPhase;
			buildActionMask = 2147483647;
			files = (
				115E0FC12BF63AFE00AF524C /* configuration.cpp in Sources */,
				115E0FC22BF63AFE00AF524C /* LicenseChecker.cpp in Sources */,
				115E0FC52BF63AFE00AF524C /* ConfigurationParserXml.cpp in Sources */,
			);
			runOnlyForDeploymentPostprocessing = 0;
		};
		1139DC452BEA6F16006ED4A9 /* Sources */ = {
			isa = PBXSourcesBuildPhase;
			buildActionMask = 2147483647;
			files = (
				115E0FA82BF63AA700AF524C /* OvdWrapper.swift in Sources */,
				115E0FAA2BF63AA700AF524C /* nfc_reader.m in Sources */,
				115E0FAB2BF63AA700AF524C /* nfc_config.mm in Sources */,
				115E0FAC2BF63AA700AF524C /* NfcReader.m in Sources */,
			);
			runOnlyForDeploymentPostprocessing = 0;
		};
/* End PBXSourcesBuildPhase section */

/* Begin PBXTargetDependency section */
		1139DC5C2BEA6F66006ED4A9 /* PBXTargetDependency */ = {
			isa = PBXTargetDependency;
			target = 1139DC2C2BEA6ED5006ED4A9 /* configuration */;
			targetProxy = 1139DC5B2BEA6F66006ED4A9 /* PBXContainerItemProxy */;
		};
		1139DC5E2BEA6F6A006ED4A9 /* PBXTargetDependency */ = {
			isa = PBXTargetDependency;
			target = 1139DC482BEA6F16006ED4A9 /* nfc_reader */;
			targetProxy = 1139DC5D2BEA6F6A006ED4A9 /* PBXContainerItemProxy */;
		};
/* End PBXTargetDependency section */

/* Begin XCBuildConfiguration section */
		110D0F342BE3DEE30069A344 /* Debug */ = {
			isa = XCBuildConfiguration;
			buildSettings = {
				ALWAYS_SEARCH_USER_PATHS = NO;
				ASSETCATALOG_COMPILER_GENERATE_SWIFT_ASSET_SYMBOL_EXTENSIONS = YES;
				CLANG_ANALYZER_NONNULL = YES;
				CLANG_ANALYZER_NUMBER_OBJECT_CONVERSION = YES_AGGRESSIVE;
				CLANG_CXX_LANGUAGE_STANDARD = "gnu++20";
				CLANG_ENABLE_MODULES = YES;
				CLANG_ENABLE_OBJC_ARC = YES;
				CLANG_ENABLE_OBJC_WEAK = YES;
				CLANG_WARN_BLOCK_CAPTURE_AUTORELEASING = YES;
				CLANG_WARN_BOOL_CONVERSION = YES;
				CLANG_WARN_COMMA = YES;
				CLANG_WARN_CONSTANT_CONVERSION = YES;
				CLANG_WARN_DEPRECATED_OBJC_IMPLEMENTATIONS = YES;
				CLANG_WARN_DIRECT_OBJC_ISA_USAGE = YES_ERROR;
				CLANG_WARN_DOCUMENTATION_COMMENTS = YES;
				CLANG_WARN_EMPTY_BODY = YES;
				CLANG_WARN_ENUM_CONVERSION = YES;
				CLANG_WARN_INFINITE_RECURSION = YES;
				CLANG_WARN_INT_CONVERSION = YES;
				CLANG_WARN_NON_LITERAL_NULL_CONVERSION = YES;
				CLANG_WARN_OBJC_IMPLICIT_RETAIN_SELF = YES;
				CLANG_WARN_OBJC_LITERAL_CONVERSION = YES;
				CLANG_WARN_OBJC_ROOT_CLASS = YES_ERROR;
				CLANG_WARN_QUOTED_INCLUDE_IN_FRAMEWORK_HEADER = YES;
				CLANG_WARN_RANGE_LOOP_ANALYSIS = YES;
				CLANG_WARN_STRICT_PROTOTYPES = YES;
				CLANG_WARN_SUSPICIOUS_MOVE = YES;
				CLANG_WARN_UNGUARDED_AVAILABILITY = YES_AGGRESSIVE;
				CLANG_WARN_UNREACHABLE_CODE = YES;
				CLANG_WARN__DUPLICATE_METHOD_MATCH = YES;
				COPY_PHASE_STRIP = NO;
				CURRENT_PROJECT_VERSION = 1;
				DEBUG_INFORMATION_FORMAT = dwarf;
				ENABLE_STRICT_OBJC_MSGSEND = YES;
				ENABLE_TESTABILITY = YES;
				ENABLE_USER_SCRIPT_SANDBOXING = YES;
				GCC_C_LANGUAGE_STANDARD = gnu17;
				GCC_DYNAMIC_NO_PIC = NO;
				GCC_NO_COMMON_BLOCKS = YES;
				GCC_OPTIMIZATION_LEVEL = 0;
				GCC_PREPROCESSOR_DEFINITIONS = (
					"DEBUG=1",
					"$(inherited)",
				);
				GCC_WARN_64_TO_32_BIT_CONVERSION = YES;
				GCC_WARN_ABOUT_RETURN_TYPE = YES_ERROR;
				GCC_WARN_UNDECLARED_SELECTOR = YES;
				GCC_WARN_UNINITIALIZED_AUTOS = YES_AGGRESSIVE;
				GCC_WARN_UNUSED_FUNCTION = YES;
				GCC_WARN_UNUSED_VARIABLE = YES;
				IPHONEOS_DEPLOYMENT_TARGET = 17.0;
				LOCALIZATION_PREFERS_STRING_CATALOGS = YES;
				MTL_ENABLE_DEBUG_INFO = INCLUDE_SOURCE;
				MTL_FAST_MATH = YES;
				ONLY_ACTIVE_ARCH = YES;
				SDKROOT = iphoneos;
				SWIFT_VERSION = 4.0;
				VERSIONING_SYSTEM = "apple-generic";
				VERSION_INFO_PREFIX = "";
			};
			name = Debug;
		};
		110D0F352BE3DEE30069A344 /* Release */ = {
			isa = XCBuildConfiguration;
			buildSettings = {
				ALWAYS_SEARCH_USER_PATHS = NO;
				ASSETCATALOG_COMPILER_GENERATE_SWIFT_ASSET_SYMBOL_EXTENSIONS = YES;
				CLANG_ANALYZER_NONNULL = YES;
				CLANG_ANALYZER_NUMBER_OBJECT_CONVERSION = YES_AGGRESSIVE;
				CLANG_CXX_LANGUAGE_STANDARD = "gnu++20";
				CLANG_ENABLE_MODULES = YES;
				CLANG_ENABLE_OBJC_ARC = YES;
				CLANG_ENABLE_OBJC_WEAK = YES;
				CLANG_WARN_BLOCK_CAPTURE_AUTORELEASING = YES;
				CLANG_WARN_BOOL_CONVERSION = YES;
				CLANG_WARN_COMMA = YES;
				CLANG_WARN_CONSTANT_CONVERSION = YES;
				CLANG_WARN_DEPRECATED_OBJC_IMPLEMENTATIONS = YES;
				CLANG_WARN_DIRECT_OBJC_ISA_USAGE = YES_ERROR;
				CLANG_WARN_DOCUMENTATION_COMMENTS = YES;
				CLANG_WARN_EMPTY_BODY = YES;
				CLANG_WARN_ENUM_CONVERSION = YES;
				CLANG_WARN_INFINITE_RECURSION = YES;
				CLANG_WARN_INT_CONVERSION = YES;
				CLANG_WARN_NON_LITERAL_NULL_CONVERSION = YES;
				CLANG_WARN_OBJC_IMPLICIT_RETAIN_SELF = YES;
				CLANG_WARN_OBJC_LITERAL_CONVERSION = YES;
				CLANG_WARN_OBJC_ROOT_CLASS = YES_ERROR;
				CLANG_WARN_QUOTED_INCLUDE_IN_FRAMEWORK_HEADER = YES;
				CLANG_WARN_RANGE_LOOP_ANALYSIS = YES;
				CLANG_WARN_STRICT_PROTOTYPES = YES;
				CLANG_WARN_SUSPICIOUS_MOVE = YES;
				CLANG_WARN_UNGUARDED_AVAILABILITY = YES_AGGRESSIVE;
				CLANG_WARN_UNREACHABLE_CODE = YES;
				CLANG_WARN__DUPLICATE_METHOD_MATCH = YES;
				COPY_PHASE_STRIP = NO;
				CURRENT_PROJECT_VERSION = 1;
				DEBUG_INFORMATION_FORMAT = "dwarf-with-dsym";
				ENABLE_NS_ASSERTIONS = NO;
				ENABLE_STRICT_OBJC_MSGSEND = YES;
				ENABLE_USER_SCRIPT_SANDBOXING = YES;
				GCC_C_LANGUAGE_STANDARD = gnu17;
				GCC_NO_COMMON_BLOCKS = YES;
				GCC_WARN_64_TO_32_BIT_CONVERSION = YES;
				GCC_WARN_ABOUT_RETURN_TYPE = YES_ERROR;
				GCC_WARN_UNDECLARED_SELECTOR = YES;
				GCC_WARN_UNINITIALIZED_AUTOS = YES_AGGRESSIVE;
				GCC_WARN_UNUSED_FUNCTION = YES;
				GCC_WARN_UNUSED_VARIABLE = YES;
				IPHONEOS_DEPLOYMENT_TARGET = 17.0;
				LOCALIZATION_PREFERS_STRING_CATALOGS = YES;
				MTL_ENABLE_DEBUG_INFO = NO;
				MTL_FAST_MATH = YES;
				SDKROOT = iphoneos;
				SWIFT_VERSION = 4.0;
				VALIDATE_PRODUCT = YES;
				VERSIONING_SYSTEM = "apple-generic";
				VERSION_INFO_PREFIX = "";
			};
			name = Release;
		};
		110D0F372BE3DEE30069A344 /* Debug */ = {
			isa = XCBuildConfiguration;
			buildSettings = {
				ARCHS = arm64;
				CODE_SIGN_STYLE = Automatic;
				CURRENT_PROJECT_VERSION = 1;
				DEFINES_MODULE = YES;
				DEVELOPMENT_TEAM = U226N9252P;
				DYLIB_COMPATIBILITY_VERSION = 1;
				DYLIB_CURRENT_VERSION = 1;
				DYLIB_INSTALL_NAME_BASE = "@rpath";
				ENABLE_MODULE_VERIFIER = YES;
				FRAMEWORK_SEARCH_PATHS = (
					"$(inherited)",
					"$(PROJECT_DIR)",
				);
				GENERATE_INFOPLIST_FILE = YES;
				INFOPLIST_KEY_NSHumanReadableCopyright = "";
				INSTALL_PATH = "$(LOCAL_LIBRARY_DIR)/Frameworks";
				IPHONEOS_DEPLOYMENT_TARGET = 13.0;
				LD_RUNPATH_SEARCH_PATHS = (
					"$(inherited)",
					"@executable_path/Frameworks",
					"@loader_path/Frameworks",
				);
				MARKETING_VERSION = 1.0;
				MODULE_VERIFIER_SUPPORTED_LANGUAGES = "objective-c objective-c++";
				MODULE_VERIFIER_SUPPORTED_LANGUAGE_STANDARDS = "gnu17 gnu++20";
				PRODUCT_BUNDLE_IDENTIFIER = com.PublishFramework;
				PRODUCT_NAME = "$(TARGET_NAME:c99extidentifier)";
				SKIP_INSTALL = YES;
				SUPPORTED_PLATFORMS = "iphoneos iphonesimulator";
				SUPPORTS_MACCATALYST = NO;
				SUPPORTS_MAC_DESIGNED_FOR_IPHONE_IPAD = NO;
				SWIFT_EMIT_LOC_STRINGS = YES;
				TARGETED_DEVICE_FAMILY = 1;
			};
			name = Debug;
		};
		110D0F382BE3DEE30069A344 /* Release */ = {
			isa = XCBuildConfiguration;
			buildSettings = {
				ARCHS = arm64;
				CODE_SIGN_STYLE = Automatic;
				CURRENT_PROJECT_VERSION = 1;
				DEFINES_MODULE = YES;
				DEVELOPMENT_TEAM = U226N9252P;
				DYLIB_COMPATIBILITY_VERSION = 1;
				DYLIB_CURRENT_VERSION = 1;
				DYLIB_INSTALL_NAME_BASE = "@rpath";
				ENABLE_MODULE_VERIFIER = YES;
				FRAMEWORK_SEARCH_PATHS = (
					"$(inherited)",
					"$(PROJECT_DIR)",
				);
				GENERATE_INFOPLIST_FILE = YES;
				INFOPLIST_KEY_NSHumanReadableCopyright = "";
				INSTALL_PATH = "$(LOCAL_LIBRARY_DIR)/Frameworks";
				IPHONEOS_DEPLOYMENT_TARGET = 13.0;
				LD_RUNPATH_SEARCH_PATHS = (
					"$(inherited)",
					"@executable_path/Frameworks",
					"@loader_path/Frameworks",
				);
				MARKETING_VERSION = 1.0;
				MODULE_VERIFIER_SUPPORTED_LANGUAGES = "objective-c objective-c++";
				MODULE_VERIFIER_SUPPORTED_LANGUAGE_STANDARDS = "gnu17 gnu++20";
				PRODUCT_BUNDLE_IDENTIFIER = com.PublishFramework;
				PRODUCT_NAME = "$(TARGET_NAME:c99extidentifier)";
				SKIP_INSTALL = YES;
				SUPPORTED_PLATFORMS = "iphoneos iphonesimulator";
				SUPPORTS_MACCATALYST = NO;
				SUPPORTS_MAC_DESIGNED_FOR_IPHONE_IPAD = NO;
				SWIFT_EMIT_LOC_STRINGS = YES;
				TARGETED_DEVICE_FAMILY = 1;
			};
			name = Release;
		};
		1139DC342BEA6ED6006ED4A9 /* Debug */ = {
			isa = XCBuildConfiguration;
			buildSettings = {
				ARCHS = arm64;
				CODE_SIGN_STYLE = Automatic;
				DEVELOPMENT_TEAM = U226N9252P;
				OTHER_LDFLAGS = "-ObjC";
				PRODUCT_NAME = "$(TARGET_NAME)";
				SKIP_INSTALL = YES;
				SYSTEM_HEADER_SEARCH_PATHS = (
					/Volumes/Encrypted/sdk/pxl_sdk_deps/openssl/1.1.1d/ios/include,
					/Volumes/Encrypted/sdk/pxl_sdk_deps/boost/1.83.0/ios/include,
				);
				TARGETED_DEVICE_FAMILY = "1,2";
			};
			name = Debug;
		};
		1139DC352BEA6ED6006ED4A9 /* Release */ = {
			isa = XCBuildConfiguration;
			buildSettings = {
				ARCHS = arm64;
				CODE_SIGN_STYLE = Automatic;
				DEVELOPMENT_TEAM = U226N9252P;
				OTHER_LDFLAGS = "-ObjC";
				PRODUCT_NAME = "$(TARGET_NAME)";
				SKIP_INSTALL = YES;
				SYSTEM_HEADER_SEARCH_PATHS = (
					/Volumes/Encrypted/sdk/pxl_sdk_deps/openssl/1.1.1d/ios/include,
					/Volumes/Encrypted/sdk/pxl_sdk_deps/boost/1.83.0/ios/include,
				);
				TARGETED_DEVICE_FAMILY = "1,2";
			};
			name = Release;
		};
		1139DC502BEA6F16006ED4A9 /* Debug */ = {
			isa = XCBuildConfiguration;
			buildSettings = {
				ARCHS = arm64;
				CODE_SIGN_STYLE = Automatic;
				DEVELOPMENT_TEAM = U226N9252P;
				FRAMEWORK_SEARCH_PATHS = (
					"$(inherited)",
					/Volumes/Encrypted/sdk/pxl_sdk_deps/emrtd/0.0.8/ios,
				);
				OTHER_LDFLAGS = "-ObjC";
				PRODUCT_NAME = "$(TARGET_NAME)";
				SHARED_PRECOMPS_DIR = /Volumes/Encrypted/sdk/extras/bindings/ios/build/build/SharedPrecompiledHeaders;
				SKIP_INSTALL = YES;
				TARGETED_DEVICE_FAMILY = "1,2";
			};
			name = Debug;
		};
		1139DC512BEA6F16006ED4A9 /* Release */ = {
			isa = XCBuildConfiguration;
			buildSettings = {
				ARCHS = arm64;
				CODE_SIGN_STYLE = Automatic;
				DEVELOPMENT_TEAM = U226N9252P;
				FRAMEWORK_SEARCH_PATHS = (
					"$(inherited)",
					/Volumes/Encrypted/sdk/pxl_sdk_deps/emrtd/0.0.8/ios,
				);
				OTHER_LDFLAGS = "-ObjC";
				PRODUCT_NAME = "$(TARGET_NAME)";
				SHARED_PRECOMPS_DIR = /Volumes/Encrypted/sdk/extras/bindings/ios/build/build/SharedPrecompiledHeaders;
				SKIP_INSTALL = YES;
				TARGETED_DEVICE_FAMILY = "1,2";
			};
			name = Release;
		};
/* End XCBuildConfiguration section */

/* Begin XCConfigurationList section */
		110D0F1C2BE3DEE30069A344 /* Build configuration list for PBXProject "PublishFramework" */ = {
			isa = XCConfigurationList;
			buildConfigurations = (
				110D0F342BE3DEE30069A344 /* Debug */,
				110D0F352BE3DEE30069A344 /* Release */,
			);
			defaultConfigurationIsVisible = 0;
			defaultConfigurationName = Release;
		};
		110D0F362BE3DEE30069A344 /* Build configuration list for PBXNativeTarget "PublishFramework" */ = {
			isa = XCConfigurationList;
			buildConfigurations = (
				110D0F372BE3DEE30069A344 /* Debug */,
				110D0F382BE3DEE30069A344 /* Release */,
			);
			defaultConfigurationIsVisible = 0;
			defaultConfigurationName = Release;
		};
		1139DC332BEA6ED6006ED4A9 /* Build configuration list for PBXNativeTarget "configuration" */ = {
			isa = XCConfigurationList;
			buildConfigurations = (
				1139DC342BEA6ED6006ED4A9 /* Debug */,
				1139DC352BEA6ED6006ED4A9 /* Release */,
			);
			defaultConfigurationIsVisible = 0;
			defaultConfigurationName = Release;
		};
		1139DC4F2BEA6F16006ED4A9 /* Build configuration list for PBXNativeTarget "nfc_reader" */ = {
			isa = XCConfigurationList;
			buildConfigurations = (
				1139DC502BEA6F16006ED4A9 /* Debug */,
				1139DC512BEA6F16006ED4A9 /* Release */,
			);
			defaultConfigurationIsVisible = 0;
			defaultConfigurationName = Release;
		};
/* End XCConfigurationList section */
	};
	rootObject = 110D0F192BE3DEE30069A344 /* Project object */;
}
